PODS:
  - Flutter (1.0.0)
  - quick_actions_ios (0.0.1):
    - Flutter

DEPENDENCIES:
  - Flutter (from `Flutter`)
  - quick_actions_ios (from `.symlinks/plugins/quick_actions_ios/ios`)

EXTERNAL SOURCES:
  Flutter:
    :path: Flutter
  quick_actions_ios:
    :path: ".symlinks/plugins/quick_actions_ios/ios"

SPEC CHECKSUMS:
  Flutter: cabc95a1d2626b1b06e7179b784ebcf0c0cde467
  quick_actions_ios: 500fcc11711d9f646739093395c4ae8eec25f779

PODFILE CHECKSUM: e30f02f9d1c72c47bb6344a0a748c9d268180865

COCOAPODS: 1.16.2
